
Microsoft Visual Studio Solution File, Format Version 12.00
# Visual Studio Version 16
VisualStudioVersion = 16.0.29709.97
MinimumVisualStudioVersion = 10.0.40219.1
Project("{FAE04EC0-301F-11D3-BF4B-00C04F79EFBC}") = "NLP_Create", "NLP_Create\NLP_Create.csproj", "{442354E8-3982-4F50-BE6C-AABA19F1E557}"
EndProject
Global
	GlobalSection(SolutionConfigurationPlatforms) = preSolution
		Debug|Any CPU = Debug|Any CPU
		Release|Any CPU = Release|Any CPU
	EndGlobalSection
	GlobalSection(ProjectConfigurationPlatforms) = postSolution
		{442354E8-3982-4F50-BE6C-AABA19F1E557}.Debug|Any CPU.ActiveCfg = Debug|Any CPU
		{442354E8-3982-4F50-BE6C-AABA19F1E557}.Debug|Any CPU.Build.0 = Debug|Any CPU
		{442354E8-3982-4F50-BE6C-AABA19F1E557}.Release|Any CPU.ActiveCfg = Release|Any CPU
		{442354E8-3982-4F50-BE6C-AABA19F1E557}.Release|Any CPU.Build.0 = Release|Any CPU
	EndGlobalSection
	GlobalSection(SolutionProperties) = preSolution
		HideSolutionNode = FALSE
	EndGlobalSection
	GlobalSection(ExtensibilityGlobals) = postSolution
		SolutionGuid = {5F505EF5-E854-4B2F-92EA-EEE19E9FBB10}
	EndGlobalSection
EndGlobal
